
Microsoft Visual Studio Solution File, Format Version 12.00
# Visual Studio 15
VisualStudioVersion = 15.0.27004.2002
MinimumVisualStudioVersion = 10.0.40219.1
Project("{FAE04EC0-301F-11D3-BF4B-00C04F79EFBC}") = "HelloWorld", "HelloWorld\HelloWorld.csproj", "{56B6A960-B812-46B2-BFD2-1ED89D8C757B}"
EndProject
Project("{FAE04EC0-301F-11D3-BF4B-00C04F79EFBC}") = "WelcomeMessage", "WelcomeMessage\WelcomeMessage.csproj", "{6DFE6AC9-310F-4C2D-9E14-8ECBDAC3B75C}"
EndProject
Project("{FAE04EC0-301F-11D3-BF4B-00C04F79EFBC}") = "NumberFun", "NumberFun\NumberFun.csproj", "{D3C1C30D-EE75-4020-8319-FFBCD40F35C9}"
EndProject
Project("{FAE04EC0-301F-11D3-BF4B-00C04F79EFBC}") = "PickADoor", "PickADoor\PickADoor.csproj", "{2DBB6376-BD68-4E42-8FB8-D15642520291}"
EndProject
Global
	GlobalSection(SolutionConfigurationPlatforms) = preSolution
		Debug|Any CPU = Debug|Any CPU
		Release|Any CPU = Release|Any CPU
	EndGlobalSection
	GlobalSection(ProjectConfigurationPlatforms) = postSolution
		{56B6A960-B812-46B2-BFD2-1ED89D8C757B}.Debug|Any CPU.ActiveCfg = Debug|Any CPU
		{56B6A960-B812-46B2-BFD2-1ED89D8C757B}.Debug|Any CPU.Build.0 = Debug|Any CPU
		{56B6A960-B812-46B2-BFD2-1ED89D8C757B}.Release|Any CPU.ActiveCfg = Release|Any CPU
		{56B6A960-B812-46B2-BFD2-1ED89D8C757B}.Release|Any CPU.Build.0 = Release|Any CPU
		{6DFE6AC9-310F-4C2D-9E14-8ECBDAC3B75C}.Debug|Any CPU.ActiveCfg = Debug|Any CPU
		{6DFE6AC9-310F-4C2D-9E14-8ECBDAC3B75C}.Debug|Any CPU.Build.0 = Debug|Any CPU
		{6DFE6AC9-310F-4C2D-9E14-8ECBDAC3B75C}.Release|Any CPU.ActiveCfg = Release|Any CPU
		{6DFE6AC9-310F-4C2D-9E14-8ECBDAC3B75C}.Release|Any CPU.Build.0 = Release|Any CPU
		{D3C1C30D-EE75-4020-8319-FFBCD40F35C9}.Debug|Any CPU.ActiveCfg = Debug|Any CPU
		{D3C1C30D-EE75-4020-8319-FFBCD40F35C9}.Debug|Any CPU.Build.0 = Debug|Any CPU
		{D3C1C30D-EE75-4020-8319-FFBCD40F35C9}.Release|Any CPU.ActiveCfg = Release|Any CPU
		{D3C1C30D-EE75-4020-8319-FFBCD40F35C9}.Release|Any CPU.Build.0 = Release|Any CPU
		{2DBB6376-BD68-4E42-8FB8-D15642520291}.Debug|Any CPU.ActiveCfg = Debug|Any CPU
		{2DBB6376-BD68-4E42-8FB8-D15642520291}.Debug|Any CPU.Build.0 = Debug|Any CPU
		{2DBB6376-BD68-4E42-8FB8-D15642520291}.Release|Any CPU.ActiveCfg = Release|Any CPU
		{2DBB6376-BD68-4E42-8FB8-D15642520291}.Release|Any CPU.Build.0 = Release|Any CPU
	EndGlobalSection
	GlobalSection(SolutionProperties) = preSolution
		HideSolutionNode = FALSE
	EndGlobalSection
	GlobalSection(ExtensibilityGlobals) = postSolution
		SolutionGuid = {F2623272-85A3-418E-80F4-41226911452E}
	EndGlobalSection
EndGlobal
